version = 1
requires-python = ">=3.12"

[[package]]
name = "datasus-fetcher"
version = "0.3.4"
source = { git = "https://github.com/dankkom/datasus-fetcher.git?branch=streamline-datasets#d7877301dea78426a4fb92796d54147233669682" }

[[package]]
name = "datasus-metadata"
version = "0.1.0"
source = { editable = "." }
dependencies = [
    { name = "datasus-fetcher" },
]

[package.metadata]
requires-dist = [{ name = "datasus-fetcher", git = "https://github.com/dankkom/datasus-fetcher.git?branch=streamline-datasets" }]
